
Microsoft Visual Studio Solution File, Format Version 12.00
# Visual Studio Version 16
VisualStudioVersion = 16.0.29728.190
MinimumVisualStudioVersion = 10.0.40219.1
Project("{9A19103F-16F7-4668-BE54-9A1E7A4F7556}") = "LibBaseSequence", "LibBaseSequence/LibBaseSequence.csproj", "{B093CFF9-CAE0-46FB-BB0A-E3C82C8B5DD8}"
EndProject
Global
	GlobalSection(SolutionConfigurationPlatforms) = preSolution
		Debug|Any CPU = Debug|Any CPU
		Release|Any CPU = Release|Any CPU
	EndGlobalSection
	GlobalSection(ProjectConfigurationPlatforms) = postSolution
		{B093CFF9-CAE0-46FB-BB0A-E3C82C8B5DD8}.Debug|Any CPU.ActiveCfg = Debug|Any CPU
		{B093CFF9-CAE0-46FB-BB0A-E3C82C8B5DD8}.Debug|Any CPU.Build.0 = Debug|Any CPU
		{B093CFF9-CAE0-46FB-BB0A-E3C82C8B5DD8}.Release|Any CPU.ActiveCfg = Release|Any CPU
		{B093CFF9-CAE0-46FB-BB0A-E3C82C8B5DD8}.Release|Any CPU.Build.0 = Release|Any CPU
	EndGlobalSection
	GlobalSection(SolutionProperties) = preSolution
		HideSolutionNode = FALSE
	EndGlobalSection
	GlobalSection(ExtensibilityGlobals) = postSolution
		SolutionGuid = {42836BC3-B71F-4F88-971E-196670EB9285}
	EndGlobalSection
EndGlobal
