
Microsoft Visual Studio Solution File, Format Version 12.00
# Visual Studio Version 16
VisualStudioVersion = 16.0.29613.14
MinimumVisualStudioVersion = 10.0.40219.1
Project("{FAE04EC0-301F-11D3-BF4B-00C04F79EFBC}") = "ComputeHash", "ComputeHash.csproj", "{54362B67-2548-4838-B32F-7F2A71242807}"
EndProject
Global
	GlobalSection(SolutionConfigurationPlatforms) = preSolution
		Debug|Any CPU = Debug|Any CPU
		Release|Any CPU = Release|Any CPU
	EndGlobalSection
	GlobalSection(ProjectConfigurationPlatforms) = postSolution
		{54362B67-2548-4838-B32F-7F2A71242807}.Debug|Any CPU.ActiveCfg = Debug|Any CPU
		{54362B67-2548-4838-B32F-7F2A71242807}.Debug|Any CPU.Build.0 = Debug|Any CPU
		{54362B67-2548-4838-B32F-7F2A71242807}.Release|Any CPU.ActiveCfg = Release|Any CPU
		{54362B67-2548-4838-B32F-7F2A71242807}.Release|Any CPU.Build.0 = Release|Any CPU
	EndGlobalSection
	GlobalSection(SolutionProperties) = preSolution
		HideSolutionNode = FALSE
	EndGlobalSection
	GlobalSection(ExtensibilityGlobals) = postSolution
		SolutionGuid = {0CF3759A-9C7E-4A34-8FBA-852AE65B3D14}
	EndGlobalSection
EndGlobal
