// !$*UTF8*$!
{
	archiveVersion = 1;
	classes = {
	};
	objectVersion = 46;
	objects = {

/* Begin PBXBuildFile section */
		868283B21C1DA40F008BFF7A /* AppDelegate.swift in Sources */ = {isa = PBXBuildFile; fileRef = 868283B11C1DA40F008BFF7A /* AppDelegate.swift */; };
		868283B41C1DA40F008BFF7A /* ViewController.swift in Sources */ = {isa = PBXBuildFile; fileRef = 868283B31C1DA40F008BFF7A /* ViewController.swift */; };
		868283B71C1DA40F008BFF7A /* Main.storyboard in Resources */ = {isa = PBXBuildFile; fileRef = 868283B51C1DA40F008BFF7A /* Main.storyboard */; };
		868283B91C1DA40F008BFF7A /* Assets.xcassets in Resources */ = {isa = PBXBuildFile; fileRef = 868283B81C1DA40F008BFF7A /* Assets.xcassets */; };
		868283BC1C1DA40F008BFF7A /* LaunchScreen.storyboard in Resources */ = {isa = PBXBuildFile; fileRef = 868283BA1C1DA40F008BFF7A /* LaunchScreen.storyboard */; };
		868283C61C1DA7AD008BFF7A /* mouse.jpg in Resources */ = {isa = PBXBuildFile; fileRef = 868283C51C1DA7AD008BFF7A /* mouse.jpg */; };
		86A4D0231C1EFB43006C6559 /* NextPageViewController.swift in Sources */ = {isa = PBXBuildFile; fileRef = 86A4D0221C1EFB43006C6559 /* NextPageViewController.swift */; };
/* End PBXBuildFile section */

/* Begin PBXFileReference section */
		868283AE1C1DA40F008BFF7A /* zz.app */ = {isa = PBXFileReference; explicitFileType = wrapper.application; includeInIndex = 0; path = zz.app; sourceTree = BUILT_PRODUCTS_DIR; };
		868283B11C1DA40F008BFF7A /* AppDelegate.swift */ = {isa = PBXFileReference; lastKnownFileType = sourcecode.swift; path = AppDelegate.swift; sourceTree = "<group>"; };
		868283B31C1DA40F008BFF7A /* ViewController.swift */ = {isa = PBXFileReference; lastKnownFileType = sourcecode.swift; path = ViewController.swift; sourceTree = "<group>"; };
		868283B61C1DA40F008BFF7A /* Base */ = {isa = PBXFileReference; lastKnownFileType = file.storyboard; name = Base; path = Base.lproj/Main.storyboard; sourceTree = "<group>"; };
		868283B81C1DA40F008BFF7A /* Assets.xcassets */ = {isa = PBXFileReference; lastKnownFileType = folder.assetcatalog; path = Assets.xcassets; sourceTree = "<group>"; };
		868283BB1C1DA40F008BFF7A /* Base */ = {isa = PBXFileReference; lastKnownFileType = file.storyboard; name = Base; path = Base.lproj/LaunchScreen.storyboard; sourceTree = "<group>"; };
		868283BD1C1DA40F008BFF7A /* Info.plist */ = {isa = PBXFileReference; lastKnownFileType = text.plist.xml; path = Info.plist; sourceTree = "<group>"; };
		868283C51C1DA7AD008BFF7A /* mouse.jpg */ = {isa = PBXFileReference; lastKnownFileType = image.jpeg; name = mouse.jpg; path = ../../../../../../Users/toui/Desktop/mouse.jpg; sourceTree = "<group>"; };
		86A4D0221C1EFB43006C6559 /* NextPageViewController.swift */ = {isa = PBXFileReference; fileEncoding = 4; lastKnownFileType = sourcecode.swift; path = NextPageViewController.swift; sourceTree = "<group>"; };
/* End PBXFileReference section */

/* Begin PBXFrameworksBuildPhase section */
		868283AB1C1DA40F008BFF7A /* Frameworks */ = {
			isa = PBXFrameworksBuildPhase;
			buildActionMask = 2147483647;
			files = (
			);
			runOnlyForDeploymentPostprocessing = 0;
		};
/* End PBXFrameworksBuildPhase section */

/* Begin PBXGroup section */
		868283A51C1DA40F008BFF7A = {
			isa = PBXGroup;
			children = (
				868283B01C1DA40F008BFF7A /* zz */,
				868283AF1C1DA40F008BFF7A /* Products */,
			);
			sourceTree = "<group>";
		};
		868283AF1C1DA40F008BFF7A /* Products */ = {
			isa = PBXGroup;
			children = (
				868283AE1C1DA40F008BFF7A /* zz.app */,
			);
			name = Products;
			sourceTree = "<group>";
		};
		868283B01C1DA40F008BFF7A /* zz */ = {
			isa = PBXGroup;
			children = (
				868283B11C1DA40F008BFF7A /* AppDelegate.swift */,
				868283B31C1DA40F008BFF7A /* ViewController.swift */,
				868283B51C1DA40F008BFF7A /* Main.storyboard */,
				86A4D0221C1EFB43006C6559 /* NextPageViewController.swift */,
				868283B81C1DA40F008BFF7A /* Assets.xcassets */,
				868283BA1C1DA40F008BFF7A /* LaunchScreen.storyboard */,
				868283BD1C1DA40F008BFF7A /* Info.plist */,
				868283C51C1DA7AD008BFF7A /* mouse.jpg */,
			);
			path = zz;
			sourceTree = "<group>";
		};
/* End PBXGroup section */

/* Begin PBXNativeTarget section */
		868283AD1C1DA40F008BFF7A /* zz */ = {
			isa = PBXNativeTarget;
			buildConfigurationList = 868283C01C1DA40F008BFF7A /* Build configuration list for PBXNativeTarget "zz" */;
			buildPhases = (
				868283AA1C1DA40F008BFF7A /* Sources */,
				868283AB1C1DA40F008BFF7A /* Frameworks */,
				868283AC1C1DA40F008BFF7A /* Resources */,
			);
			buildRules = (
			);
			dependencies = (
			);
			name = zz;
			productName = zz;
			productReference = 868283AE1C1DA40F008BFF7A /* zz.app */;
			productType = "com.apple.product-type.application";
		};
/* End PBXNativeTarget section */

/* Begin PBXProject section */
		868283A61C1DA40F008BFF7A /* Project object */ = {
			isa = PBXProject;
			attributes = {
				LastSwiftUpdateCheck = 0710;
				LastUpgradeCheck = 0710;
				ORGANIZATIONNAME = "湯偉";
				TargetAttributes = {
					868283AD1C1DA40F008BFF7A = {
						CreatedOnToolsVersion = 7.1.1;
						DevelopmentTeam = SEUEA35K6J;
					};
				};
			};
			buildConfigurationList = 868283A91C1DA40F008BFF7A /* Build configuration list for PBXProject "zz" */;
			compatibilityVersion = "Xcode 3.2";
			developmentRegion = English;
			hasScannedForEncodings = 0;
			knownRegions = (
				en,
				Base,
			);
			mainGroup = 868283A51C1DA40F008BFF7A;
			productRefGroup = 868283AF1C1DA40F008BFF7A /* Products */;
			projectDirPath = "";
			projectRoot = "";
			targets = (
				868283AD1C1DA40F008BFF7A /* zz */,
			);
		};
/* End PBXProject section */

/* Begin PBXResourcesBuildPhase section */
		868283AC1C1DA40F008BFF7A /* Resources */ = {
			isa = PBXResourcesBuildPhase;
			buildActionMask = 2147483647;
			files = (
				868283BC1C1DA40F008BFF7A /* LaunchScreen.storyboard in Resources */,
				868283C61C1DA7AD008BFF7A /* mouse.jpg in Resources */,
				868283B91C1DA40F008BFF7A /* Assets.xcassets in Resources */,
				868283B71C1DA40F008BFF7A /* Main.storyboard in Resources */,
			);
			runOnlyForDeploymentPostprocessing = 0;
		};
/* End PBXResourcesBuildPhase section */

/* Begin PBXSourcesBuildPhase section */
		868283AA1C1DA40F008BFF7A /* Sources */ = {
			isa = PBXSourcesBuildPhase;
			buildActionMask = 2147483647;
			files = (
				868283B41C1DA40F008BFF7A /* ViewController.swift in Sources */,
				868283B21C1DA40F008BFF7A /* AppDelegate.swift in Sources */,
				86A4D0231C1EFB43006C6559 /* NextPageViewController.swift in Sources */,
			);
			runOnlyForDeploymentPostprocessing = 0;
		};
/* End PBXSourcesBuildPhase section */

/* Begin PBXVariantGroup section */
		868283B51C1DA40F008BFF7A /* Main.storyboard */ = {
			isa = PBXVariantGroup;
			children = (
				868283B61C1DA40F008BFF7A /* Base */,
			);
			name = Main.storyboard;
			sourceTree = "<group>";
		};
		868283BA1C1DA40F008BFF7A /* LaunchScreen.storyboard */ = {
			isa = PBXVariantGroup;
			children = (
				868283BB1C1DA40F008BFF7A /* Base */,
			);
			name = LaunchScreen.storyboard;
			sourceTree = "<group>";
		};
/* End PBXVariantGroup section */

/* Begin XCBuildConfiguration section */
		868283BE1C1DA40F008BFF7A /* Debug */ = {
			isa = XCBuildConfiguration;
			buildSettings = {
				ALWAYS_SEARCH_USER_PATHS = NO;
				CLANG_CXX_LANGUAGE_STANDARD = "gnu++0x";
				CLANG_CXX_LIBRARY = "libc++";
				CLANG_ENABLE_MODULES = YES;
				CLANG_ENABLE_OBJC_ARC = YES;
				CLANG_WARN_BOOL_CONVERSION = YES;
				CLANG_WARN_CONSTANT_CONVERSION = YES;
				CLANG_WARN_DIRECT_OBJC_ISA_USAGE = YES_ERROR;
				CLANG_WARN_EMPTY_BODY = YES;
				CLANG_WARN_ENUM_CONVERSION = YES;
				CLANG_WARN_INT_CONVERSION = YES;
				CLANG_WARN_OBJC_ROOT_CLASS = YES_ERROR;
				CLANG_WARN_UNREACHABLE_CODE = YES;
				CLANG_WARN__DUPLICATE_METHOD_MATCH = YES;
				"CODE_SIGN_IDENTITY[sdk=iphoneos*]" = "iPhone Developer";
				COPY_PHASE_STRIP = NO;
				DEBUG_INFORMATION_FORMAT = dwarf;
				ENABLE_STRICT_OBJC_MSGSEND = YES;
				ENABLE_TESTABILITY = YES;
				GCC_C_LANGUAGE_STANDARD = gnu99;
				GCC_DYNAMIC_NO_PIC = NO;
				GCC_NO_COMMON_BLOCKS = YES;
				GCC_OPTIMIZATION_LEVEL = 0;
				GCC_PREPROCESSOR_DEFINITIONS = (
					"DEBUG=1",
					"$(inherited)",
				);
				GCC_WARN_64_TO_32_BIT_CONVERSION = YES;
				GCC_WARN_ABOUT_RETURN_TYPE = YES_ERROR;
				GCC_WARN_UNDECLARED_SELECTOR = YES;
				GCC_WARN_UNINITIALIZED_AUTOS = YES_AGGRESSIVE;
				GCC_WARN_UNUSED_FUNCTION = YES;
				GCC_WARN_UNUSED_VARIABLE = YES;
				IPHONEOS_DEPLOYMENT_TARGET = 9.1;
				MTL_ENABLE_DEBUG_INFO = YES;
				ONLY_ACTIVE_ARCH = YES;
				SDKROOT = iphoneos;
				SWIFT_OPTIMIZATION_LEVEL = "-Onone";
			};
			name = Debug;
		};
		868283BF1C1DA40F008BFF7A /* Release */ = {
			isa = XCBuildConfiguration;
			buildSettings = {
				ALWAYS_SEARCH_USER_PATHS = NO;
				CLANG_CXX_LANGUAGE_STANDARD = "gnu++0x";
				CLANG_CXX_LIBRARY = "libc++";
				CLANG_ENABLE_MODULES = YES;
				CLANG_ENABLE_OBJC_ARC = YES;
				CLANG_WARN_BOOL_CONVERSION = YES;
				CLANG_WARN_CONSTANT_CONVERSION = YES;
				CLANG_WARN_DIRECT_OBJC_ISA_USAGE = YES_ERROR;
				CLANG_WARN_EMPTY_BODY = YES;
				CLANG_WARN_ENUM_CONVERSION = YES;
				CLANG_WARN_INT_CONVERSION = YES;
				CLANG_WARN_OBJC_ROOT_CLASS = YES_ERROR;
				CLANG_WARN_UNREACHABLE_CODE = YES;
				CLANG_WARN__DUPLICATE_METHOD_MATCH = YES;
				"CODE_SIGN_IDENTITY[sdk=iphoneos*]" = "iPhone Developer";
				COPY_PHASE_STRIP = NO;
				DEBUG_INFORMATION_FORMAT = "dwarf-with-dsym";
				ENABLE_NS_ASSERTIONS = NO;
				ENABLE_STRICT_OBJC_MSGSEND = YES;
				GCC_C_LANGUAGE_STANDARD = gnu99;
				GCC_NO_COMMON_BLOCKS = YES;
				GCC_WARN_64_TO_32_BIT_CONVERSION = YES;
				GCC_WARN_ABOUT_RETURN_TYPE = YES_ERROR;
				GCC_WARN_UNDECLARED_SELECTOR = YES;
				GCC_WARN_UNINITIALIZED_AUTOS = YES_AGGRESSIVE;
				GCC_WARN_UNUSED_FUNCTION = YES;
				GCC_WARN_UNUSED_VARIABLE = YES;
				IPHONEOS_DEPLOYMENT_TARGET = 9.1;
				MTL_ENABLE_DEBUG_INFO = NO;
				SDKROOT = iphoneos;
				VALIDATE_PRODUCT = YES;
			};
			name = Release;
		};
		868283C11C1DA40F008BFF7A /* Debug */ = {
			isa = XCBuildConfiguration;
			buildSettings = {
				ASSETCATALOG_COMPILER_APPICON_NAME = AppIcon;
				INFOPLIST_FILE = zz/Info.plist;
				LD_RUNPATH_SEARCH_PATHS = "$(inherited) @executable_path/Frameworks";
				PRODUCT_BUNDLE_IDENTIFIER = Tou.zz;
				PRODUCT_NAME = "$(TARGET_NAME)";
			};
			name = Debug;
		};
		868283C21C1DA40F008BFF7A /* Release */ = {
			isa = XCBuildConfiguration;
			buildSettings = {
				ASSETCATALOG_COMPILER_APPICON_NAME = AppIcon;
				INFOPLIST_FILE = zz/Info.plist;
				LD_RUNPATH_SEARCH_PATHS = "$(inherited) @executable_path/Frameworks";
				PRODUCT_BUNDLE_IDENTIFIER = Tou.zz;
				PRODUCT_NAME = "$(TARGET_NAME)";
			};
			name = Release;
		};
/* End XCBuildConfiguration section */

/* Begin XCConfigurationList section */
		868283A91C1DA40F008BFF7A /* Build configuration list for PBXProject "zz" */ = {
			isa = XCConfigurationList;
			buildConfigurations = (
				868283BE1C1DA40F008BFF7A /* Debug */,
				868283BF1C1DA40F008BFF7A /* Release */,
			);
			defaultConfigurationIsVisible = 0;
			defaultConfigurationName = Release;
		};
		868283C01C1DA40F008BFF7A /* Build configuration list for PBXNativeTarget "zz" */ = {
			isa = XCConfigurationList;
			buildConfigurations = (
				868283C11C1DA40F008BFF7A /* Debug */,
				868283C21C1DA40F008BFF7A /* Release */,
			);
			defaultConfigurationIsVisible = 0;
			defaultConfigurationName = Release;
		};
/* End XCConfigurationList section */
	};
	rootObject = 868283A61C1DA40F008BFF7A /* Project object */;
}
